{
  "version": 4,
  "terraform_version": "1.9.8",
  "serial": 124,
  "lineage": "e168deb5-bf37-9b1a-7e0a-1a222567c77b",
  "outputs": {
    "azure_db_details": {
      "value": {
        "db_account_name": "strapi-cdb",
        "db_container": "strapi-container",
        "db_hostname": "https://strapi-cdb.documents.azure.com:443/",
        "db_key": "6QWahDtirXxzqvGFsfRZ0f82LrBaHWCWDrM1ndn7pdbKo7Uf2LHrbrBBOrVIcELmUlY3YbVaHULDACDbw4Wj3g==",
        "db_name": "strapi_cosmos_db_database"
      },
      "type": [
        "object",
        {
          "db_account_name": "string",
          "db_container": "string",
          "db_hostname": "string",
          "db_key": "string",
          "db_name": "string"
        }
      ],
      "sensitive": true
    }
  },
  "resources": [
    {
      "mode": "managed",
      "type": "azurerm_cosmosdb_account",
      "name": "strapi-cdb",
      "provider": "provider[\"registry.terraform.io/hashicorp/azurerm\"]",
      "instances": [
        {
          "schema_version": 1,
          "attributes": {
            "access_key_metadata_writes_enabled": true,
            "analytical_storage": [
              {
                "schema_type": "WellDefined"
              }
            ],
            "analytical_storage_enabled": false,
            "automatic_failover_enabled": false,
            "backup": [
              {
                "interval_in_minutes": 240,
                "retention_in_hours": 8,
                "storage_redundancy": "Geo",
                "tier": "",
                "type": "Periodic"
              }
            ],
            "burst_capacity_enabled": false,
            "capabilities": [],
            "capacity": [],
            "consistency_policy": [
              {
                "consistency_level": "Session",
                "max_interval_in_seconds": 5,
                "max_staleness_prefix": 100
              }
            ],
            "cors_rule": [],
            "create_mode": "",
            "default_identity_type": "FirstPartyIdentity",
            "endpoint": "https://strapi-cdb.documents.azure.com:443/",
            "free_tier_enabled": false,
            "geo_location": [
              {
                "failover_priority": 0,
                "id": "strapi-cdb-centralindia",
                "location": "centralindia",
                "zone_redundant": false
              }
            ],
            "id": "/subscriptions/845af220-bace-45d4-9979-ed5993293ae3/resourceGroups/rg1/providers/Microsoft.DocumentDB/databaseAccounts/strapi-cdb",
            "identity": [],
            "ip_range_filter": [],
            "is_virtual_network_filter_enabled": false,
            "key_vault_key_id": null,
            "kind": "GlobalDocumentDB",
            "local_authentication_disabled": false,
            "location": "centralindia",
            "managed_hsm_key_id": null,
            "minimal_tls_version": "Tls12",
            "mongo_server_version": null,
            "multiple_write_locations_enabled": false,
            "name": "strapi-cdb",
            "network_acl_bypass_for_azure_services": false,
            "network_acl_bypass_ids": [],
            "offer_type": "Standard",
            "partition_merge_enabled": false,
            "primary_key": "6QWahDtirXxzqvGFsfRZ0f82LrBaHWCWDrM1ndn7pdbKo7Uf2LHrbrBBOrVIcELmUlY3YbVaHULDACDbw4Wj3g==",
            "primary_mongodb_connection_string": null,
            "primary_readonly_key": "ZXr2mxuzvFsLNLSfbro7mHqbJQUiPzTylETSyUnn8OkCmiAhYOVyddVTvQEoX0QNJQMOo0FgqJoXACDbbauzcg==",
            "primary_readonly_mongodb_connection_string": null,
            "primary_readonly_sql_connection_string": "AccountEndpoint=https://strapi-cdb.documents.azure.com:443/;AccountKey=ZXr2mxuzvFsLNLSfbro7mHqbJQUiPzTylETSyUnn8OkCmiAhYOVyddVTvQEoX0QNJQMOo0FgqJoXACDbbauzcg==;",
            "primary_sql_connection_string": "AccountEndpoint=https://strapi-cdb.documents.azure.com:443/;AccountKey=6QWahDtirXxzqvGFsfRZ0f82LrBaHWCWDrM1ndn7pdbKo7Uf2LHrbrBBOrVIcELmUlY3YbVaHULDACDbw4Wj3g==;",
            "public_network_access_enabled": true,
            "read_endpoints": [
              "https://strapi-cdb-centralindia.documents.azure.com:443/"
            ],
            "resource_group_name": "rg1",
            "restore": [],
            "secondary_key": "VuGl0tXMSUGDbjQjSyMHSye1Y6hnIPj9dkig2D9plg7Mzr1uPGMwQV1smCnEJqp0pgc8ENMUliFZACDbnn38SA==",
            "secondary_mongodb_connection_string": null,
            "secondary_readonly_key": "pUt60psWJedAbWbrCWoCqeHgwcOBig6sR9FKIm0x8lFsLVyov4GCuC6UGayR9yilxakMjYDcMqGzACDbj0wVyg==",
            "secondary_readonly_mongodb_connection_string": null,
            "secondary_readonly_sql_connection_string": "AccountEndpoint=https://strapi-cdb.documents.azure.com:443/;AccountKey=pUt60psWJedAbWbrCWoCqeHgwcOBig6sR9FKIm0x8lFsLVyov4GCuC6UGayR9yilxakMjYDcMqGzACDbj0wVyg==;",
            "secondary_sql_connection_string": "AccountEndpoint=https://strapi-cdb.documents.azure.com:443/;AccountKey=VuGl0tXMSUGDbjQjSyMHSye1Y6hnIPj9dkig2D9plg7Mzr1uPGMwQV1smCnEJqp0pgc8ENMUliFZACDbnn38SA==;",
            "tags": {},
            "timeouts": null,
            "virtual_network_rule": [],
            "write_endpoints": [
              "https://strapi-cdb-centralindia.documents.azure.com:443/"
            ]
          },
          "sensitive_attributes": [
            [
              {
                "type": "get_attr",
                "value": "primary_mongodb_connection_string"
              }
            ],
            [
              {
                "type": "get_attr",
                "value": "primary_readonly_key"
              }
            ],
            [
              {
                "type": "get_attr",
                "value": "primary_readonly_mongodb_connection_string"
              }
            ],
            [
              {
                "type": "get_attr",
                "value": "secondary_sql_connection_string"
              }
            ],
            [
              {
                "type": "get_attr",
                "value": "primary_sql_connection_string"
              }
            ],
            [
              {
                "type": "get_attr",
                "value": "primary_readonly_sql_connection_string"
              }
            ],
            [
              {
                "type": "get_attr",
                "value": "primary_key"
              }
            ],
            [
              {
                "type": "get_attr",
                "value": "secondary_mongodb_connection_string"
              }
            ],
            [
              {
                "type": "get_attr",
                "value": "secondary_readonly_key"
              }
            ],
            [
              {
                "type": "get_attr",
                "value": "secondary_key"
              }
            ],
            [
              {
                "type": "get_attr",
                "value": "secondary_readonly_sql_connection_string"
              }
            ],
            [
              {
                "type": "get_attr",
                "value": "secondary_readonly_mongodb_connection_string"
              }
            ]
          ],
          "private": "eyJlMmJmYjczMC1lY2FhLTExZTYtOGY4OC0zNDM2M2JjN2M0YzAiOnsiY3JlYXRlIjoxMDgwMDAwMDAwMDAwMCwiZGVsZXRlIjoxMDgwMDAwMDAwMDAwMCwicmVhZCI6MzAwMDAwMDAwMDAwLCJ1cGRhdGUiOjEwODAwMDAwMDAwMDAwfSwic2NoZW1hX3ZlcnNpb24iOiIxIn0="
        }
      ]
    },
    {
      "mode": "managed",
      "type": "azurerm_cosmosdb_sql_container",
      "name": "strapi_cosmos_db_container",
      "provider": "provider[\"registry.terraform.io/hashicorp/azurerm\"]",
      "instances": [
        {
          "schema_version": 1,
          "attributes": {
            "account_name": "strapi-cdb",
            "analytical_storage_ttl": null,
            "autoscale_settings": [],
            "conflict_resolution_policy": [
              {
                "conflict_resolution_path": "/_ts",
                "conflict_resolution_procedure": "",
                "mode": "LastWriterWins"
              }
            ],
            "database_name": "strapi_cosmos_db_database",
            "default_ttl": null,
            "id": "/subscriptions/845af220-bace-45d4-9979-ed5993293ae3/resourceGroups/rg1/providers/Microsoft.DocumentDB/databaseAccounts/strapi-cdb/sqlDatabases/strapi_cosmos_db_database/containers/strapi-container",
            "indexing_policy": [
              {
                "composite_index": [],
                "excluded_path": [],
                "included_path": [
                  {
                    "path": "/*"
                  }
                ],
                "indexing_mode": "consistent",
                "spatial_index": []
              }
            ],
            "name": "strapi-container",
            "partition_key_kind": "Hash",
            "partition_key_paths": [
              "/definition/id"
            ],
            "partition_key_version": 1,
            "resource_group_name": "rg1",
            "throughput": 400,
            "timeouts": null,
            "unique_key": []
          },
          "sensitive_attributes": [],
          "private": "eyJlMmJmYjczMC1lY2FhLTExZTYtOGY4OC0zNDM2M2JjN2M0YzAiOnsiY3JlYXRlIjoxODAwMDAwMDAwMDAwLCJkZWxldGUiOjE4MDAwMDAwMDAwMDAsInJlYWQiOjMwMDAwMDAwMDAwMCwidXBkYXRlIjoxODAwMDAwMDAwMDAwfSwic2NoZW1hX3ZlcnNpb24iOiIxIn0=",
          "dependencies": [
            "azurerm_cosmosdb_account.strapi-cdb",
            "azurerm_cosmosdb_sql_database.strapi_cosmos_db_database"
          ]
        }
      ]
    },
    {
      "mode": "managed",
      "type": "azurerm_cosmosdb_sql_database",
      "name": "strapi_cosmos_db_database",
      "provider": "provider[\"registry.terraform.io/hashicorp/azurerm\"]",
      "instances": [
        {
          "schema_version": 1,
          "attributes": {
            "account_name": "strapi-cdb",
            "autoscale_settings": [],
            "id": "/subscriptions/845af220-bace-45d4-9979-ed5993293ae3/resourceGroups/rg1/providers/Microsoft.DocumentDB/databaseAccounts/strapi-cdb/sqlDatabases/strapi_cosmos_db_database",
            "name": "strapi_cosmos_db_database",
            "resource_group_name": "rg1",
            "throughput": 0,
            "timeouts": null
          },
          "sensitive_attributes": [],
          "private": "eyJlMmJmYjczMC1lY2FhLTExZTYtOGY4OC0zNDM2M2JjN2M0YzAiOnsiY3JlYXRlIjoxODAwMDAwMDAwMDAwLCJkZWxldGUiOjE4MDAwMDAwMDAwMDAsInJlYWQiOjMwMDAwMDAwMDAwMCwidXBkYXRlIjoxODAwMDAwMDAwMDAwfSwic2NoZW1hX3ZlcnNpb24iOiIxIn0=",
          "dependencies": [
            "azurerm_cosmosdb_account.strapi-cdb"
          ]
        }
      ]
    },
    {
      "mode": "managed",
      "type": "azurerm_network_security_group",
      "name": "cosmos_sg",
      "provider": "provider[\"registry.terraform.io/hashicorp/azurerm\"]",
      "instances": [
        {
          "schema_version": 0,
          "attributes": {
            "id": "/subscriptions/845af220-bace-45d4-9979-ed5993293ae3/resourceGroups/rg1/providers/Microsoft.Network/networkSecurityGroups/cosmos_security_group",
            "location": "centralindia",
            "name": "cosmos_security_group",
            "resource_group_name": "rg1",
            "security_rule": [
              {
                "access": "Allow",
                "description": "",
                "destination_address_prefix": "*",
                "destination_address_prefixes": [],
                "destination_application_security_group_ids": [],
                "destination_port_range": "*",
                "destination_port_ranges": [],
                "direction": "Outbound",
                "name": "Allow-All-Outbound",
                "priority": 200,
                "protocol": "*",
                "source_address_prefix": "*",
                "source_address_prefixes": [],
                "source_application_security_group_ids": [],
                "source_port_range": "*",
                "source_port_ranges": []
              },
              {
                "access": "Allow",
                "description": "",
                "destination_address_prefix": "*",
                "destination_address_prefixes": [],
                "destination_application_security_group_ids": [],
                "destination_port_range": "3306",
                "destination_port_ranges": [],
                "direction": "Inbound",
                "name": "Allow-CosmosDB-Inbound",
                "priority": 100,
                "protocol": "Tcp",
                "source_address_prefix": "*",
                "source_address_prefixes": [],
                "source_application_security_group_ids": [],
                "source_port_range": "*",
                "source_port_ranges": []
              }
            ],
            "tags": {
              "Name": "Cosmos_Security_Group"
            },
            "timeouts": null
          },
          "sensitive_attributes": [],
          "private": "eyJlMmJmYjczMC1lY2FhLTExZTYtOGY4OC0zNDM2M2JjN2M0YzAiOnsiY3JlYXRlIjoxODAwMDAwMDAwMDAwLCJkZWxldGUiOjE4MDAwMDAwMDAwMDAsInJlYWQiOjMwMDAwMDAwMDAwMCwidXBkYXRlIjoxODAwMDAwMDAwMDAwfX0="
        }
      ]
    },
    {
      "mode": "managed",
      "type": "azurerm_network_security_group",
      "name": "nsg",
      "provider": "provider[\"registry.terraform.io/hashicorp/azurerm\"]",
      "instances": [
        {
          "schema_version": 0,
          "attributes": {
            "id": "/subscriptions/845af220-bace-45d4-9979-ed5993293ae3/resourceGroups/rg1/providers/Microsoft.Network/networkSecurityGroups/strapi-nsg",
            "location": "centralindia",
            "name": "strapi-nsg",
            "resource_group_name": "rg1",
            "security_rule": [
              {
                "access": "Allow",
                "description": "",
                "destination_address_prefix": "*",
                "destination_address_prefixes": [],
                "destination_application_security_group_ids": [],
                "destination_port_range": "22",
                "destination_port_ranges": [],
                "direction": "Inbound",
                "name": "AllowSSH",
                "priority": 1000,
                "protocol": "Tcp",
                "source_address_prefix": "*",
                "source_address_prefixes": [],
                "source_application_security_group_ids": [],
                "source_port_range": "*",
                "source_port_ranges": []
              }
            ],
            "tags": null,
            "timeouts": null
          },
          "sensitive_attributes": [],
          "private": "eyJlMmJmYjczMC1lY2FhLTExZTYtOGY4OC0zNDM2M2JjN2M0YzAiOnsiY3JlYXRlIjoxODAwMDAwMDAwMDAwLCJkZWxldGUiOjE4MDAwMDAwMDAwMDAsInJlYWQiOjMwMDAwMDAwMDAwMCwidXBkYXRlIjoxODAwMDAwMDAwMDAwfX0="
        }
      ]
    },
    {
      "mode": "managed",
      "type": "azurerm_public_ip",
      "name": "public_ip",
      "provider": "provider[\"registry.terraform.io/hashicorp/azurerm\"]",
      "instances": [
        {
          "schema_version": 0,
          "attributes": {
            "allocation_method": "Static",
            "ddos_protection_mode": "VirtualNetworkInherited",
            "ddos_protection_plan_id": null,
            "domain_name_label": null,
            "domain_name_label_scope": null,
            "edge_zone": "",
            "fqdn": null,
            "id": "/subscriptions/845af220-bace-45d4-9979-ed5993293ae3/resourceGroups/rg1/providers/Microsoft.Network/publicIPAddresses/strapi-public-ip",
            "idle_timeout_in_minutes": 4,
            "ip_address": "20.244.120.197",
            "ip_tags": null,
            "ip_version": "IPv4",
            "location": "centralindia",
            "name": "strapi-public-ip",
            "public_ip_prefix_id": null,
            "resource_group_name": "rg1",
            "reverse_fqdn": null,
            "sku": "Standard",
            "sku_tier": "Regional",
            "tags": null,
            "timeouts": null,
            "zones": null
          },
          "sensitive_attributes": [],
          "private": "eyJlMmJmYjczMC1lY2FhLTExZTYtOGY4OC0zNDM2M2JjN2M0YzAiOnsiY3JlYXRlIjoxODAwMDAwMDAwMDAwLCJkZWxldGUiOjE4MDAwMDAwMDAwMDAsInJlYWQiOjMwMDAwMDAwMDAwMCwidXBkYXRlIjoxODAwMDAwMDAwMDAwfX0="
        }
      ]
    },
    {
      "mode": "managed",
      "type": "azurerm_resource_group",
      "name": "rg1",
      "provider": "provider[\"registry.terraform.io/hashicorp/azurerm\"]",
      "instances": [
        {
          "schema_version": 0,
          "attributes": {
            "id": "/subscriptions/845af220-bace-45d4-9979-ed5993293ae3/resourceGroups/rg1",
            "location": "centralindia",
            "managed_by": "",
            "name": "rg1",
            "tags": {},
            "timeouts": null
          },
          "sensitive_attributes": [],
          "private": "eyJlMmJmYjczMC1lY2FhLTExZTYtOGY4OC0zNDM2M2JjN2M0YzAiOnsiY3JlYXRlIjo1NDAwMDAwMDAwMDAwLCJkZWxldGUiOjU0MDAwMDAwMDAwMDAsInJlYWQiOjMwMDAwMDAwMDAwMCwidXBkYXRlIjo1NDAwMDAwMDAwMDAwfX0="
        }
      ]
    },
    {
      "mode": "managed",
      "type": "azurerm_subnet",
      "name": "subnetA",
      "provider": "provider[\"registry.terraform.io/hashicorp/azurerm\"]",
      "instances": [
        {
          "schema_version": 0,
          "attributes": {
            "address_prefixes": [
              "10.0.0.0/24"
            ],
            "default_outbound_access_enabled": true,
            "delegation": [],
            "id": "/subscriptions/845af220-bace-45d4-9979-ed5993293ae3/resourceGroups/rg1/providers/Microsoft.Network/virtualNetworks/strapi-vnet/subnets/strapi-subnet",
            "name": "strapi-subnet",
            "private_endpoint_network_policies": "Disabled",
            "private_link_service_network_policies_enabled": true,
            "resource_group_name": "rg1",
            "service_endpoint_policy_ids": [],
            "service_endpoints": [],
            "timeouts": null,
            "virtual_network_name": "strapi-vnet"
          },
          "sensitive_attributes": [],
          "private": "eyJlMmJmYjczMC1lY2FhLTExZTYtOGY4OC0zNDM2M2JjN2M0YzAiOnsiY3JlYXRlIjoxODAwMDAwMDAwMDAwLCJkZWxldGUiOjE4MDAwMDAwMDAwMDAsInJlYWQiOjMwMDAwMDAwMDAwMCwidXBkYXRlIjoxODAwMDAwMDAwMDAwfX0="
        }
      ]
    },
    {
      "mode": "managed",
      "type": "azurerm_subnet_network_security_group_association",
      "name": "sec-group-association",
      "provider": "provider[\"registry.terraform.io/hashicorp/azurerm\"]",
      "instances": [
        {
          "schema_version": 0,
          "attributes": {
            "id": "/subscriptions/845af220-bace-45d4-9979-ed5993293ae3/resourceGroups/rg1/providers/Microsoft.Network/virtualNetworks/strapi-vnet/subnets/strapi-subnet",
            "network_security_group_id": "/subscriptions/845af220-bace-45d4-9979-ed5993293ae3/resourceGroups/rg1/providers/Microsoft.Network/networkSecurityGroups/cosmos_security_group",
            "subnet_id": "/subscriptions/845af220-bace-45d4-9979-ed5993293ae3/resourceGroups/rg1/providers/Microsoft.Network/virtualNetworks/strapi-vnet/subnets/strapi-subnet",
            "timeouts": null
          },
          "sensitive_attributes": [],
          "private": "eyJlMmJmYjczMC1lY2FhLTExZTYtOGY4OC0zNDM2M2JjN2M0YzAiOnsiY3JlYXRlIjoxODAwMDAwMDAwMDAwLCJkZWxldGUiOjE4MDAwMDAwMDAwMDAsInJlYWQiOjMwMDAwMDAwMDAwMH19",
          "dependencies": [
            "azurerm_network_security_group.cosmos_sg",
            "azurerm_subnet.subnetA"
          ]
        }
      ]
    },
    {
      "mode": "managed",
      "type": "local_file",
      "name": "linuxkey",
      "provider": "provider[\"registry.terraform.io/hashicorp/local\"]",
      "instances": [
        {
          "schema_version": 0,
          "attributes": {
            "content": "-----BEGIN RSA PRIVATE KEY-----\nMIIJKAIBAAKCAgEAzqhtcKVop0LNU87H7+uG36lFGdEJulBvIba6HiSkH0rDEx/X\n/QsXT34G/YVICj7EP6a7SV7VDUHgKRpokVMoXgN0b6WaY/kZR4zqB2fq4ad3rzwI\n9xnAwQhFBxc0ZHDZIreNKWFSNlcb0YVgrFcUaZ0PHl8SE0NegkHfGuOIQLQcs7fO\nzAvS4KQlsuK9nDZplDTW2Qt/HbEg5Y+pywyMaai9fOoXPngw8Cuiji5PJLgvEhwZ\nuYisqFEooTbmB+2e+ZIcRS4rIcnglUxKVGExm2TCSs9/g8jHaVr7etJtHbvRORx3\nYjk6WvegHW7ApZE8cY62lHAEx/j85Ya2RBSxWKoSm1cA6LDtoXSqsuz/LFtcDYD7\nm2XhY/e9iEUFargJ2AfzcHqQ/TZC7BSeEb1aVA6RXlysgCR/4TJ2JWA7k1MBErf9\n8eEhfsqYoXPwlWbU9yijEFpJuJKEfvo2PK8tcsfSjFhsmloN1WXdSCm5MpbDGsA3\ni0VHxUQOv//sqqchCSljOl7LlOlZOrRv1hj2Yd0DkfCGkWvWbyMDOJWzNhr+/wuh\n0EEFhuOgzJxCXFbVKUH1faUMDcdrJ/4+MzlchXB6uV5OaaqxfvboH67eNTBbL9/9\n/KTOaczvtweeytFEde6deJ+7kPlBBTKS2haEKlmXuPYzB+V6lwlIeKSSnN8CAwEA\nAQKCAgBuZadhH9vSTmtls/c3AbkhTkmtyu/JaiKT/gtbAvPyC3w+gSpe8UfYnVia\nolKjtngcELPINDLYTDK1gngN+kB8SJgw9GSPt4h7opl6r1bYiR/0qruXVViVRhep\n/AlvBqHYW/m6+1Rx1wLzYK8OIc6zxMVI0jzTsY+RQiMvOBGXjyAuGakNc9uJSech\nsuLbym2IUNndRLj5YaBTQfXQlLmF0DC5xEv6gTaTdpv2HGMHGKV8pSpQ5ORnXkO4\nK52i6puccyNLCajc+f1RhFnIzcs0WhU45bQW8HEmpQXmzPahha31NnHINQ4pflM4\npeugBwAlIboDffvv3+EptFc181/xKOGl6wU28cwAXsBHqmyhWVPOLysEL/09dQ3l\n9qn/gUDb+u0igrt096t6Gq+B+7zipPI/hRuZDweUrd5FKwxx/7s2YILVfiXlmG3B\neT5Y+y0ezEuBlwgTAmBEYqNB6DIZrEvSmHuVvNYPD5MtSMORJ5BkN4o3MRFk4aw1\ngpMN1S8tfL5YO/6uP4DhEGAzf2cp9zKvN4g1h/UNHqJ2seGixunJJ/UaOSPjIBvH\nfR7czHn7atOQnYdy8DryXPxf21xeFu3d/VNkuQ558DYRCir4zBaVFTkLvJ/di5RK\ncp1MXYy3YMSLLRDEtroO9WksJRvqR6YivYwVaBOeaJpLH4Xp4QKCAQEA0nIJ0DGl\nAZ34Ik7nfdLOagNp8W+Rz4WmwGazQZ55UNMulA8ZiOhSBU4/vLWiJFYrujBQTxgP\nGhD/Kyg0YQJApmXUdZDb7K9lRyu+EkQ/lTGS22+QslK0o6MLwlG2RlkIxjiAu1fR\nL3WURT+gto6Vec6BFXY1fs22hRANjBJtNYmhtrwgTeAezuwh6xoVnnjmt0xKToRP\nRyW7lSuVk89EDGFUOwAnXiF9uE+exxEAzSn79hHKOSu1eTLM8v3o9cOWmpTmQ06f\nDpxZlEh34Lalahp/Su/bHHIxdCSGtS0+ucsoyykL1BSxKGYAZBpu+skNMZqbvvHh\nT3qDoMKYb/vLxwKCAQEA+2SAD2hljClumWnrNTqzVbv4quaF9d/cJQUATCEndd1P\n/zIdw3mrCWh8RZYf/PA4wQgmWU+4ZzhhQ8i0oeiS8nkQsR+5AnmW15Bw2cFgymm+\nHT7c1rx1gLwqu7R3Hcq706uS0Fpd92zsTwCvKEiJK/pg5UdkOryGnUrWb/zPIVNL\nGzq2mmWhufhU3nF+yeGTM6mw0xPudhmYIrjBQ0JP2puAmKH+qBXUdoJVpf9QQKhx\nZXXYtKHZ+32kRM6ugGdrNN5uvoEhFJfsua7A2uvqkcyuNurDHrduY1bOwY/BClkM\nOX6LpCbanP3mdvx+mb+13ge2xjdu40ShpL22t6U2KQKCAQEAuxgpw0+vrF1eElpm\nEoYNf1DjqoOPdZkUJC/qJGeY4ZOu8HDwObiZ2x+zKLmumnGF1LVJYNg57Om5ggvv\nbWOMSKN1nMQZ0jYpa3nnNOQ6RxDYyIBKe09uS6EUPkFZNPfJBjmLsYMkdfYpyNsF\nrefb2nwOZR8/9ik7oNchxCtJrnRbMlPUwIeFvF9Q1GzPVaGVNNb9pQqaVN2mBLvH\n8q4tiHgrY30CgvxxgiA/QCnMtZoi6KTuTZ+fak4QyeOVbpHh3jKM+L/4RwwX0+4N\nrdmT/F3sV5ohCgw4DVK/9GlyP8nvzZcDbhyrWAg/Rr/9dLa0JSqYVs1Ci9+XEKCQ\n19ZbVwKCAQAL12UM1L8LxhvWkB2rKTOvUyZYbnla5ouJFt43t8wTCjStcZ/jSETd\nMZXA9VxWXr5doVOlG1M1UXuLZNXVVo4ta7R0k2j0i+OmDcCzER/NCQQSfpaKauAi\nCzr8EnkV5ynHw6ortEX+1Jug8QhPHnOPpcCQrDc1aRHyMMc/CSp8iF7eTnqxdR4U\nE3Vz8Oam/cAgS9rvZl3yJCx9XjSERYhbZL2+8sp7AmQ6nNMJ+ae/E/AbdlyZzZHl\n/boSH6YqmDR9jgirYou7W5ij+m5NIZWv/nMqVQ6R0NQbS8h7Z5kRMraXsrVDKy1a\n/b6wVh5kgZpAdh6O4aeQfvgaOXF03wxZAoIBAG+2eGcOhDxzxva9B2CU4HkL+Nhb\nijhYiinFR9l80MTjPfEuqdRMtz36vSnaIuOxhw3qWEQI59Knt0VLDFuBboi6mgJG\njPfkzsbYDwpSbMjRHHlxV43Arojfpd2EIbwD1dVs3Cz+IUX8cKPZpAGwjwjSeM9k\njq5L+5GJsuzfyPeqno5IDJ42Fbq225HeXnhG6PIebUOeLbIwyTTGi+jjb6MQ1QnG\n0N1QSZ6X/lxIpjiZyjgfBqTGO75WCZXJEsrVCABf8Z72BRM/02I8V/qVIUHIbR/x\nFee7TH6Q4GeHHBjc/kbQvd/mqLIqC7KeWyjP3qanPSLvsN7G8A9TDB07b9o=\n-----END RSA PRIVATE KEY-----\n",
            "content_base64": null,
            "content_base64sha256": "TEywbsIfh/ijrPSt1fdV2MvTBB5qYPbsAwqjtn6ui3c=",
            "content_base64sha512": "v9zi+mIArVbUpg+NwlaUCLt1LYxQYVyfi3hiMsRikjvwmvqRXlBGN/fN3l4MlQ3ShyCQGxbcZDVTWRDRxvqzBA==",
            "content_md5": "b7199eeaae4796696ef0c5a098e40247",
            "content_sha1": "d00351f2d069360184adcba36c81938b5f52bcc9",
            "content_sha256": "4c4cb06ec21f87f8a3acf4add5f755d8cbd3041e6a60f6ec030aa3b67eae8b77",
            "content_sha512": "bfdce2fa6200ad56d4a60f8dc2569408bb752d8c50615c9f8b786232c462923bf09afa915e504637f7cdde5e0c950dd28720901b16dc6435535910d1c6fab304",
            "directory_permission": "0777",
            "file_permission": "0777",
            "filename": "linuxkey.pem",
            "id": "d00351f2d069360184adcba36c81938b5f52bcc9",
            "sensitive_content": null,
            "source": null
          },
          "sensitive_attributes": [
            [
              {
                "type": "get_attr",
                "value": "content"
              }
            ],
            [
              {
                "type": "get_attr",
                "value": "sensitive_content"
              }
            ]
          ],
          "dependencies": [
            "tls_private_key.linux_key"
          ]
        }
      ]
    },
    {
      "mode": "managed",
      "type": "local_file",
      "name": "linuxkey_pub",
      "provider": "provider[\"registry.terraform.io/hashicorp/local\"]",
      "instances": [
        {
          "schema_version": 0,
          "attributes": {
            "content": "ssh-rsa AAAAB3NzaC1yc2EAAAADAQABAAACAQDOqG1wpWinQs1Tzsfv64bfqUUZ0Qm6UG8htroeJKQfSsMTH9f9CxdPfgb9hUgKPsQ/prtJXtUNQeApGmiRUyheA3RvpZpj+RlHjOoHZ+rhp3evPAj3GcDBCEUHFzRkcNkit40pYVI2VxvRhWCsVxRpnQ8eXxITQ16CQd8a44hAtByzt87MC9LgpCWy4r2cNmmUNNbZC38dsSDlj6nLDIxpqL186hc+eDDwK6KOLk8kuC8SHBm5iKyoUSihNuYH7Z75khxFLishyeCVTEpUYTGbZMJKz3+DyMdpWvt60m0du9E5HHdiOTpa96AdbsClkTxxjraUcATH+PzlhrZEFLFYqhKbVwDosO2hdKqy7P8sW1wNgPubZeFj972IRQVquAnYB/NwepD9NkLsFJ4RvVpUDpFeXKyAJH/hMnYlYDuTUwESt/3x4SF+ypihc/CVZtT3KKMQWkm4koR++jY8ry1yx9KMWGyaWg3VZd1IKbkylsMawDeLRUfFRA6//+yqpyEJKWM6XsuU6Vk6tG/WGPZh3QOR8IaRa9ZvIwM4lbM2Gv7/C6HQQQWG46DMnEJcVtUpQfV9pQwNx2sn/j4zOVyFcHq5Xk5pqrF+9ugfrt41MFsv3/38pM5pzO+3B57K0UR17p14n7uQ+UEFMpLaFoQqWZe49jMH5XqXCUh4pJKc3w==\n",
            "content_base64": null,
            "content_base64sha256": "j9SfHoWz7xP2tdnVm7ysKvUnqCdXmhuc7LlEkr8ZxGY=",
            "content_base64sha512": "60FM4o9FaSTiCklhz39Yn0qJimfVnG7A3TrdjDGD+Imj8rr8DeKaTTZKGxMmp5d5agbRa6JJPemR8pZjOlAc5A==",
            "content_md5": "632d19c1e0bde800ecdb77d6407b72f1",
            "content_sha1": "b94e8c3ecdebaa303fdbbcc046444c56dcfb09aa",
            "content_sha256": "8fd49f1e85b3ef13f6b5d9d59bbcac2af527a827579a1b9cecb94492bf19c466",
            "content_sha512": "eb414ce28f456924e20a4961cf7f589f4a898a67d59c6ec0dd3add8c3183f889a3f2bafc0de29a4d364a1b1326a797796a06d16ba2493de991f296633a501ce4",
            "directory_permission": "0777",
            "file_permission": "0644",
            "filename": "linuxkey.pub",
            "id": "b94e8c3ecdebaa303fdbbcc046444c56dcfb09aa",
            "sensitive_content": null,
            "source": null
          },
          "sensitive_attributes": [
            [
              {
                "type": "get_attr",
                "value": "sensitive_content"
              }
            ]
          ],
          "dependencies": [
            "tls_private_key.linux_key"
          ]
        }
      ]
    },
    {
      "mode": "managed",
      "type": "null_resource",
      "name": "delete_output",
      "provider": "provider[\"registry.terraform.io/hashicorp/null\"]",
      "instances": [
        {
          "schema_version": 0,
          "attributes": {
            "id": "4730765741648671126",
            "triggers": null
          },
          "sensitive_attributes": []
        }
      ]
    },
    {
      "mode": "managed",
      "type": "tls_private_key",
      "name": "linux_key",
      "provider": "provider[\"registry.terraform.io/hashicorp/tls\"]",
      "instances": [
        {
          "schema_version": 1,
          "attributes": {
            "algorithm": "RSA",
            "ecdsa_curve": "P224",
            "id": "6b1f8069f654f18ef6627fc5f6017dcd44d17f1d",
            "private_key_openssh": "-----BEGIN OPENSSH PRIVATE KEY-----\nb3BlbnNzaC1rZXktdjEAAAAABG5vbmUAAAAEbm9uZQAAAAAAAAABAAACFwAAAAdz\nc2gtcnNhAAAAAwEAAQAAAgEAzqhtcKVop0LNU87H7+uG36lFGdEJulBvIba6HiSk\nH0rDEx/X/QsXT34G/YVICj7EP6a7SV7VDUHgKRpokVMoXgN0b6WaY/kZR4zqB2fq\n4ad3rzwI9xnAwQhFBxc0ZHDZIreNKWFSNlcb0YVgrFcUaZ0PHl8SE0NegkHfGuOI\nQLQcs7fOzAvS4KQlsuK9nDZplDTW2Qt/HbEg5Y+pywyMaai9fOoXPngw8Cuiji5P\nJLgvEhwZuYisqFEooTbmB+2e+ZIcRS4rIcnglUxKVGExm2TCSs9/g8jHaVr7etJt\nHbvRORx3Yjk6WvegHW7ApZE8cY62lHAEx/j85Ya2RBSxWKoSm1cA6LDtoXSqsuz/\nLFtcDYD7m2XhY/e9iEUFargJ2AfzcHqQ/TZC7BSeEb1aVA6RXlysgCR/4TJ2JWA7\nk1MBErf98eEhfsqYoXPwlWbU9yijEFpJuJKEfvo2PK8tcsfSjFhsmloN1WXdSCm5\nMpbDGsA3i0VHxUQOv//sqqchCSljOl7LlOlZOrRv1hj2Yd0DkfCGkWvWbyMDOJWz\nNhr+/wuh0EEFhuOgzJxCXFbVKUH1faUMDcdrJ/4+MzlchXB6uV5OaaqxfvboH67e\nNTBbL9/9/KTOaczvtweeytFEde6deJ+7kPlBBTKS2haEKlmXuPYzB+V6lwlIeKSS\nnN8AAAc4wABk5cAAZOUAAAAHc3NoLXJzYQAAAgEAzqhtcKVop0LNU87H7+uG36lF\nGdEJulBvIba6HiSkH0rDEx/X/QsXT34G/YVICj7EP6a7SV7VDUHgKRpokVMoXgN0\nb6WaY/kZR4zqB2fq4ad3rzwI9xnAwQhFBxc0ZHDZIreNKWFSNlcb0YVgrFcUaZ0P\nHl8SE0NegkHfGuOIQLQcs7fOzAvS4KQlsuK9nDZplDTW2Qt/HbEg5Y+pywyMaai9\nfOoXPngw8Cuiji5PJLgvEhwZuYisqFEooTbmB+2e+ZIcRS4rIcnglUxKVGExm2TC\nSs9/g8jHaVr7etJtHbvRORx3Yjk6WvegHW7ApZE8cY62lHAEx/j85Ya2RBSxWKoS\nm1cA6LDtoXSqsuz/LFtcDYD7m2XhY/e9iEUFargJ2AfzcHqQ/TZC7BSeEb1aVA6R\nXlysgCR/4TJ2JWA7k1MBErf98eEhfsqYoXPwlWbU9yijEFpJuJKEfvo2PK8tcsfS\njFhsmloN1WXdSCm5MpbDGsA3i0VHxUQOv//sqqchCSljOl7LlOlZOrRv1hj2Yd0D\nkfCGkWvWbyMDOJWzNhr+/wuh0EEFhuOgzJxCXFbVKUH1faUMDcdrJ/4+MzlchXB6\nuV5OaaqxfvboH67eNTBbL9/9/KTOaczvtweeytFEde6deJ+7kPlBBTKS2haEKlmX\nuPYzB+V6lwlIeKSSnN8AAAADAQABAAACAG5lp2Ef29JOa2Wz9zcBuSFOSa3K78lq\nIpP+C1sC8/ILfD6BKl7xR9idWJqiUqO2eBwQs8g0MthMMrWCeA36QHxImDD0ZI+3\niHuimXqvVtiJH/Squ5dVWJVGF6n8CW8Godhb+br7VHHXAvNgrw4hzrPExUjSPNOx\nj5FCIy84EZePIC4ZqQ1z24lJ5yGy4tvKbYhQ2d1EuPlhoFNB9dCUuYXQMLnES/qB\nNpN2m/YcYwcYpXylKlDk5GdeQ7grnaLqm5xzI0sJqNz5/VGEWcjNyzRaFTjltBbw\ncSalBebM9qGFrfU2ccg1Dil+Uzil66AHACUhugN9++/f4Sm0VzXzX/Eo4aXrBTbx\nzABewEeqbKFZU84vKwQv/T11DeX2qf+BQNv67SKCu3T3q3oar4H7vOKk8j+FG5kP\nB5St3kUrDHH/uzZggtV+JeWYbcF5Plj7LR7MS4GXCBMCYERio0HoMhmsS9KYe5W8\n1g8Pky1Iw5EnkGQ3ijcxEWThrDWCkw3VLy18vlg7/q4/gOEQYDN/Zyn3Mq83iDWH\n9Q0eonax4aLG6ckn9Ro5I+MgG8d9HtzMeftq05Cdh3LwOvJc/F/bXF4W7d39U2S5\nDnnwNhEKKvjMFpUVOQu8n92LlEpynUxdjLdgxIstEMS2ug71aSwlG+pHpiK9jBVo\nE55omksfhenhAAABAG+2eGcOhDxzxva9B2CU4HkL+NhbijhYiinFR9l80MTjPfEu\nqdRMtz36vSnaIuOxhw3qWEQI59Knt0VLDFuBboi6mgJGjPfkzsbYDwpSbMjRHHlx\nV43Arojfpd2EIbwD1dVs3Cz+IUX8cKPZpAGwjwjSeM9kjq5L+5GJsuzfyPeqno5I\nDJ42Fbq225HeXnhG6PIebUOeLbIwyTTGi+jjb6MQ1QnG0N1QSZ6X/lxIpjiZyjgf\nBqTGO75WCZXJEsrVCABf8Z72BRM/02I8V/qVIUHIbR/xFee7TH6Q4GeHHBjc/kbQ\nvd/mqLIqC7KeWyjP3qanPSLvsN7G8A9TDB07b9oAAAEBANJyCdAxpQGd+CJO533S\nzmoDafFvkc+FpsBms0GeeVDTLpQPGYjoUgVOP7y1oiRWK7owUE8YDxoQ/ysoNGEC\nQKZl1HWQ2+yvZUcrvhJEP5UxkttvkLJStKOjC8JRtkZZCMY4gLtX0S91lEU/oLaO\nlXnOgRV2NX7NtoUQDYwSbTWJoba8IE3gHs7sIesaFZ545rdMSk6ET0clu5UrlZPP\nRAxhVDsAJ14hfbhPnscRAM0p+/YRyjkrtXkyzPL96PXDlpqU5kNOnw6cWZRId+C2\npWoaf0rv2xxyMXQkhrUtPrnLKMspC9QUsShmAGQabvrJDTGam77x4U96g6DCmG/7\ny8cAAAEBAPtkgA9oZYwpbplp6zU6s1W7+KrmhfXf3CUFAEwhJ3XdT/8yHcN5qwlo\nfEWWH/zwOMEIJllPuGc4YUPItKHokvJ5ELEfuQJ5lteQcNnBYMppvh0+3Na8dYC8\nKru0dx3Ku9OrktBaXfds7E8AryhIiSv6YOVHZDq8hp1K1m/8zyFTSxs6tpplobn4\nVN5xfsnhkzOpsNMT7nYZmCK4wUNCT9qbgJih/qgV1HaCVaX/UECocWV12LSh2ft9\npETOroBnazTebr6BIRSX7LmuwNrr6pHMrjbqwx63bmNWzsGPwQpZDDl+i6Qm2pz9\n5nb8fpm/td4HtsY3buNEoaS9trelNikAAAAAAQID\n-----END OPENSSH PRIVATE KEY-----\n",
            "private_key_pem": "-----BEGIN RSA PRIVATE KEY-----\nMIIJKAIBAAKCAgEAzqhtcKVop0LNU87H7+uG36lFGdEJulBvIba6HiSkH0rDEx/X\n/QsXT34G/YVICj7EP6a7SV7VDUHgKRpokVMoXgN0b6WaY/kZR4zqB2fq4ad3rzwI\n9xnAwQhFBxc0ZHDZIreNKWFSNlcb0YVgrFcUaZ0PHl8SE0NegkHfGuOIQLQcs7fO\nzAvS4KQlsuK9nDZplDTW2Qt/HbEg5Y+pywyMaai9fOoXPngw8Cuiji5PJLgvEhwZ\nuYisqFEooTbmB+2e+ZIcRS4rIcnglUxKVGExm2TCSs9/g8jHaVr7etJtHbvRORx3\nYjk6WvegHW7ApZE8cY62lHAEx/j85Ya2RBSxWKoSm1cA6LDtoXSqsuz/LFtcDYD7\nm2XhY/e9iEUFargJ2AfzcHqQ/TZC7BSeEb1aVA6RXlysgCR/4TJ2JWA7k1MBErf9\n8eEhfsqYoXPwlWbU9yijEFpJuJKEfvo2PK8tcsfSjFhsmloN1WXdSCm5MpbDGsA3\ni0VHxUQOv//sqqchCSljOl7LlOlZOrRv1hj2Yd0DkfCGkWvWbyMDOJWzNhr+/wuh\n0EEFhuOgzJxCXFbVKUH1faUMDcdrJ/4+MzlchXB6uV5OaaqxfvboH67eNTBbL9/9\n/KTOaczvtweeytFEde6deJ+7kPlBBTKS2haEKlmXuPYzB+V6lwlIeKSSnN8CAwEA\nAQKCAgBuZadhH9vSTmtls/c3AbkhTkmtyu/JaiKT/gtbAvPyC3w+gSpe8UfYnVia\nolKjtngcELPINDLYTDK1gngN+kB8SJgw9GSPt4h7opl6r1bYiR/0qruXVViVRhep\n/AlvBqHYW/m6+1Rx1wLzYK8OIc6zxMVI0jzTsY+RQiMvOBGXjyAuGakNc9uJSech\nsuLbym2IUNndRLj5YaBTQfXQlLmF0DC5xEv6gTaTdpv2HGMHGKV8pSpQ5ORnXkO4\nK52i6puccyNLCajc+f1RhFnIzcs0WhU45bQW8HEmpQXmzPahha31NnHINQ4pflM4\npeugBwAlIboDffvv3+EptFc181/xKOGl6wU28cwAXsBHqmyhWVPOLysEL/09dQ3l\n9qn/gUDb+u0igrt096t6Gq+B+7zipPI/hRuZDweUrd5FKwxx/7s2YILVfiXlmG3B\neT5Y+y0ezEuBlwgTAmBEYqNB6DIZrEvSmHuVvNYPD5MtSMORJ5BkN4o3MRFk4aw1\ngpMN1S8tfL5YO/6uP4DhEGAzf2cp9zKvN4g1h/UNHqJ2seGixunJJ/UaOSPjIBvH\nfR7czHn7atOQnYdy8DryXPxf21xeFu3d/VNkuQ558DYRCir4zBaVFTkLvJ/di5RK\ncp1MXYy3YMSLLRDEtroO9WksJRvqR6YivYwVaBOeaJpLH4Xp4QKCAQEA0nIJ0DGl\nAZ34Ik7nfdLOagNp8W+Rz4WmwGazQZ55UNMulA8ZiOhSBU4/vLWiJFYrujBQTxgP\nGhD/Kyg0YQJApmXUdZDb7K9lRyu+EkQ/lTGS22+QslK0o6MLwlG2RlkIxjiAu1fR\nL3WURT+gto6Vec6BFXY1fs22hRANjBJtNYmhtrwgTeAezuwh6xoVnnjmt0xKToRP\nRyW7lSuVk89EDGFUOwAnXiF9uE+exxEAzSn79hHKOSu1eTLM8v3o9cOWmpTmQ06f\nDpxZlEh34Lalahp/Su/bHHIxdCSGtS0+ucsoyykL1BSxKGYAZBpu+skNMZqbvvHh\nT3qDoMKYb/vLxwKCAQEA+2SAD2hljClumWnrNTqzVbv4quaF9d/cJQUATCEndd1P\n/zIdw3mrCWh8RZYf/PA4wQgmWU+4ZzhhQ8i0oeiS8nkQsR+5AnmW15Bw2cFgymm+\nHT7c1rx1gLwqu7R3Hcq706uS0Fpd92zsTwCvKEiJK/pg5UdkOryGnUrWb/zPIVNL\nGzq2mmWhufhU3nF+yeGTM6mw0xPudhmYIrjBQ0JP2puAmKH+qBXUdoJVpf9QQKhx\nZXXYtKHZ+32kRM6ugGdrNN5uvoEhFJfsua7A2uvqkcyuNurDHrduY1bOwY/BClkM\nOX6LpCbanP3mdvx+mb+13ge2xjdu40ShpL22t6U2KQKCAQEAuxgpw0+vrF1eElpm\nEoYNf1DjqoOPdZkUJC/qJGeY4ZOu8HDwObiZ2x+zKLmumnGF1LVJYNg57Om5ggvv\nbWOMSKN1nMQZ0jYpa3nnNOQ6RxDYyIBKe09uS6EUPkFZNPfJBjmLsYMkdfYpyNsF\nrefb2nwOZR8/9ik7oNchxCtJrnRbMlPUwIeFvF9Q1GzPVaGVNNb9pQqaVN2mBLvH\n8q4tiHgrY30CgvxxgiA/QCnMtZoi6KTuTZ+fak4QyeOVbpHh3jKM+L/4RwwX0+4N\nrdmT/F3sV5ohCgw4DVK/9GlyP8nvzZcDbhyrWAg/Rr/9dLa0JSqYVs1Ci9+XEKCQ\n19ZbVwKCAQAL12UM1L8LxhvWkB2rKTOvUyZYbnla5ouJFt43t8wTCjStcZ/jSETd\nMZXA9VxWXr5doVOlG1M1UXuLZNXVVo4ta7R0k2j0i+OmDcCzER/NCQQSfpaKauAi\nCzr8EnkV5ynHw6ortEX+1Jug8QhPHnOPpcCQrDc1aRHyMMc/CSp8iF7eTnqxdR4U\nE3Vz8Oam/cAgS9rvZl3yJCx9XjSERYhbZL2+8sp7AmQ6nNMJ+ae/E/AbdlyZzZHl\n/boSH6YqmDR9jgirYou7W5ij+m5NIZWv/nMqVQ6R0NQbS8h7Z5kRMraXsrVDKy1a\n/b6wVh5kgZpAdh6O4aeQfvgaOXF03wxZAoIBAG+2eGcOhDxzxva9B2CU4HkL+Nhb\nijhYiinFR9l80MTjPfEuqdRMtz36vSnaIuOxhw3qWEQI59Knt0VLDFuBboi6mgJG\njPfkzsbYDwpSbMjRHHlxV43Arojfpd2EIbwD1dVs3Cz+IUX8cKPZpAGwjwjSeM9k\njq5L+5GJsuzfyPeqno5IDJ42Fbq225HeXnhG6PIebUOeLbIwyTTGi+jjb6MQ1QnG\n0N1QSZ6X/lxIpjiZyjgfBqTGO75WCZXJEsrVCABf8Z72BRM/02I8V/qVIUHIbR/x\nFee7TH6Q4GeHHBjc/kbQvd/mqLIqC7KeWyjP3qanPSLvsN7G8A9TDB07b9o=\n-----END RSA PRIVATE KEY-----\n",
            "private_key_pem_pkcs8": "-----BEGIN PRIVATE KEY-----\nMIIJQgIBADANBgkqhkiG9w0BAQEFAASCCSwwggkoAgEAAoICAQDOqG1wpWinQs1T\nzsfv64bfqUUZ0Qm6UG8htroeJKQfSsMTH9f9CxdPfgb9hUgKPsQ/prtJXtUNQeAp\nGmiRUyheA3RvpZpj+RlHjOoHZ+rhp3evPAj3GcDBCEUHFzRkcNkit40pYVI2VxvR\nhWCsVxRpnQ8eXxITQ16CQd8a44hAtByzt87MC9LgpCWy4r2cNmmUNNbZC38dsSDl\nj6nLDIxpqL186hc+eDDwK6KOLk8kuC8SHBm5iKyoUSihNuYH7Z75khxFLishyeCV\nTEpUYTGbZMJKz3+DyMdpWvt60m0du9E5HHdiOTpa96AdbsClkTxxjraUcATH+Pzl\nhrZEFLFYqhKbVwDosO2hdKqy7P8sW1wNgPubZeFj972IRQVquAnYB/NwepD9NkLs\nFJ4RvVpUDpFeXKyAJH/hMnYlYDuTUwESt/3x4SF+ypihc/CVZtT3KKMQWkm4koR+\n+jY8ry1yx9KMWGyaWg3VZd1IKbkylsMawDeLRUfFRA6//+yqpyEJKWM6XsuU6Vk6\ntG/WGPZh3QOR8IaRa9ZvIwM4lbM2Gv7/C6HQQQWG46DMnEJcVtUpQfV9pQwNx2sn\n/j4zOVyFcHq5Xk5pqrF+9ugfrt41MFsv3/38pM5pzO+3B57K0UR17p14n7uQ+UEF\nMpLaFoQqWZe49jMH5XqXCUh4pJKc3wIDAQABAoICAG5lp2Ef29JOa2Wz9zcBuSFO\nSa3K78lqIpP+C1sC8/ILfD6BKl7xR9idWJqiUqO2eBwQs8g0MthMMrWCeA36QHxI\nmDD0ZI+3iHuimXqvVtiJH/Squ5dVWJVGF6n8CW8Godhb+br7VHHXAvNgrw4hzrPE\nxUjSPNOxj5FCIy84EZePIC4ZqQ1z24lJ5yGy4tvKbYhQ2d1EuPlhoFNB9dCUuYXQ\nMLnES/qBNpN2m/YcYwcYpXylKlDk5GdeQ7grnaLqm5xzI0sJqNz5/VGEWcjNyzRa\nFTjltBbwcSalBebM9qGFrfU2ccg1Dil+Uzil66AHACUhugN9++/f4Sm0VzXzX/Eo\n4aXrBTbxzABewEeqbKFZU84vKwQv/T11DeX2qf+BQNv67SKCu3T3q3oar4H7vOKk\n8j+FG5kPB5St3kUrDHH/uzZggtV+JeWYbcF5Plj7LR7MS4GXCBMCYERio0HoMhms\nS9KYe5W81g8Pky1Iw5EnkGQ3ijcxEWThrDWCkw3VLy18vlg7/q4/gOEQYDN/Zyn3\nMq83iDWH9Q0eonax4aLG6ckn9Ro5I+MgG8d9HtzMeftq05Cdh3LwOvJc/F/bXF4W\n7d39U2S5DnnwNhEKKvjMFpUVOQu8n92LlEpynUxdjLdgxIstEMS2ug71aSwlG+pH\npiK9jBVoE55omksfhenhAoIBAQDScgnQMaUBnfgiTud90s5qA2nxb5HPhabAZrNB\nnnlQ0y6UDxmI6FIFTj+8taIkViu6MFBPGA8aEP8rKDRhAkCmZdR1kNvsr2VHK74S\nRD+VMZLbb5CyUrSjowvCUbZGWQjGOIC7V9EvdZRFP6C2jpV5zoEVdjV+zbaFEA2M\nEm01iaG2vCBN4B7O7CHrGhWeeOa3TEpOhE9HJbuVK5WTz0QMYVQ7ACdeIX24T57H\nEQDNKfv2Eco5K7V5Mszy/ej1w5aalOZDTp8OnFmUSHfgtqVqGn9K79sccjF0JIa1\nLT65yyjLKQvUFLEoZgBkGm76yQ0xmpu+8eFPeoOgwphv+8vHAoIBAQD7ZIAPaGWM\nKW6Zaes1OrNVu/iq5oX139wlBQBMISd13U//Mh3DeasJaHxFlh/88DjBCCZZT7hn\nOGFDyLSh6JLyeRCxH7kCeZbXkHDZwWDKab4dPtzWvHWAvCq7tHcdyrvTq5LQWl33\nbOxPAK8oSIkr+mDlR2Q6vIadStZv/M8hU0sbOraaZaG5+FTecX7J4ZMzqbDTE+52\nGZgiuMFDQk/am4CYof6oFdR2glWl/1BAqHFlddi0odn7faREzq6AZ2s03m6+gSEU\nl+y5rsDa6+qRzK426sMet25jVs7Bj8EKWQw5foukJtqc/eZ2/H6Zv7XeB7bGN27j\nRKGkvba3pTYpAoIBAQC7GCnDT6+sXV4SWmYShg1/UOOqg491mRQkL+okZ5jhk67w\ncPA5uJnbH7Moua6acYXUtUlg2Dns6bmCC+9tY4xIo3WcxBnSNilreec05DpHENjI\ngEp7T25LoRQ+QVk098kGOYuxgyR19inI2wWt59vafA5lHz/2KTug1yHEK0mudFsy\nU9TAh4W8X1DUbM9VoZU01v2lCppU3aYEu8fyri2IeCtjfQKC/HGCID9AKcy1miLo\npO5Nn59qThDJ45VukeHeMoz4v/hHDBfT7g2t2ZP8XexXmiEKDDgNUr/0aXI/ye/N\nlwNuHKtYCD9Gv/10trQlKphWzUKL35cQoJDX1ltXAoIBAAvXZQzUvwvGG9aQHasp\nM69TJlhueVrmi4kW3je3zBMKNK1xn+NIRN0xlcD1XFZevl2hU6UbUzVRe4tk1dVW\nji1rtHSTaPSL46YNwLMRH80JBBJ+lopq4CILOvwSeRXnKcfDqiu0Rf7Um6DxCE8e\nc4+lwJCsNzVpEfIwxz8JKnyIXt5OerF1HhQTdXPw5qb9wCBL2u9mXfIkLH1eNIRF\niFtkvb7yynsCZDqc0wn5p78T8Bt2XJnNkeX9uhIfpiqYNH2OCKtii7tbmKP6bk0h\nla/+cypVDpHQ1BtLyHtnmREytpeytUMrLVr9vrBWHmSBmkB2Ho7hp5B++Bo5cXTf\nDFkCggEAb7Z4Zw6EPHPG9r0HYJTgeQv42FuKOFiKKcVH2XzQxOM98S6p1Ey3Pfq9\nKdoi47GHDepYRAjn0qe3RUsMW4FuiLqaAkaM9+TOxtgPClJsyNEceXFXjcCuiN+l\n3YQhvAPV1WzcLP4hRfxwo9mkAbCPCNJ4z2SOrkv7kYmy7N/I96qejkgMnjYVurbb\nkd5eeEbo8h5tQ54tsjDJNMaL6ONvoxDVCcbQ3VBJnpf+XEimOJnKOB8GpMY7vlYJ\nlckSytUIAF/xnvYFEz/TYjxX+pUhQchtH/EV57tMfpDgZ4ccGNz+RtC93+aosioL\nsp5bKM/epqc9Iu+w3sbwD1MMHTtv2g==\n-----END PRIVATE KEY-----\n",
            "public_key_fingerprint_md5": "52:51:dd:93:21:ac:2b:ed:28:c9:24:4e:7c:82:47:c6",
            "public_key_fingerprint_sha256": "SHA256:/zLyc4Z9dNABjcIc6K1rUqaVYOmnoUXBU2DCPXzEZbQ",
            "public_key_openssh": "ssh-rsa AAAAB3NzaC1yc2EAAAADAQABAAACAQDOqG1wpWinQs1Tzsfv64bfqUUZ0Qm6UG8htroeJKQfSsMTH9f9CxdPfgb9hUgKPsQ/prtJXtUNQeApGmiRUyheA3RvpZpj+RlHjOoHZ+rhp3evPAj3GcDBCEUHFzRkcNkit40pYVI2VxvRhWCsVxRpnQ8eXxITQ16CQd8a44hAtByzt87MC9LgpCWy4r2cNmmUNNbZC38dsSDlj6nLDIxpqL186hc+eDDwK6KOLk8kuC8SHBm5iKyoUSihNuYH7Z75khxFLishyeCVTEpUYTGbZMJKz3+DyMdpWvt60m0du9E5HHdiOTpa96AdbsClkTxxjraUcATH+PzlhrZEFLFYqhKbVwDosO2hdKqy7P8sW1wNgPubZeFj972IRQVquAnYB/NwepD9NkLsFJ4RvVpUDpFeXKyAJH/hMnYlYDuTUwESt/3x4SF+ypihc/CVZtT3KKMQWkm4koR++jY8ry1yx9KMWGyaWg3VZd1IKbkylsMawDeLRUfFRA6//+yqpyEJKWM6XsuU6Vk6tG/WGPZh3QOR8IaRa9ZvIwM4lbM2Gv7/C6HQQQWG46DMnEJcVtUpQfV9pQwNx2sn/j4zOVyFcHq5Xk5pqrF+9ugfrt41MFsv3/38pM5pzO+3B57K0UR17p14n7uQ+UEFMpLaFoQqWZe49jMH5XqXCUh4pJKc3w==\n",
            "public_key_pem": "-----BEGIN PUBLIC KEY-----\nMIICIjANBgkqhkiG9w0BAQEFAAOCAg8AMIICCgKCAgEAzqhtcKVop0LNU87H7+uG\n36lFGdEJulBvIba6HiSkH0rDEx/X/QsXT34G/YVICj7EP6a7SV7VDUHgKRpokVMo\nXgN0b6WaY/kZR4zqB2fq4ad3rzwI9xnAwQhFBxc0ZHDZIreNKWFSNlcb0YVgrFcU\naZ0PHl8SE0NegkHfGuOIQLQcs7fOzAvS4KQlsuK9nDZplDTW2Qt/HbEg5Y+pywyM\naai9fOoXPngw8Cuiji5PJLgvEhwZuYisqFEooTbmB+2e+ZIcRS4rIcnglUxKVGEx\nm2TCSs9/g8jHaVr7etJtHbvRORx3Yjk6WvegHW7ApZE8cY62lHAEx/j85Ya2RBSx\nWKoSm1cA6LDtoXSqsuz/LFtcDYD7m2XhY/e9iEUFargJ2AfzcHqQ/TZC7BSeEb1a\nVA6RXlysgCR/4TJ2JWA7k1MBErf98eEhfsqYoXPwlWbU9yijEFpJuJKEfvo2PK8t\ncsfSjFhsmloN1WXdSCm5MpbDGsA3i0VHxUQOv//sqqchCSljOl7LlOlZOrRv1hj2\nYd0DkfCGkWvWbyMDOJWzNhr+/wuh0EEFhuOgzJxCXFbVKUH1faUMDcdrJ/4+Mzlc\nhXB6uV5OaaqxfvboH67eNTBbL9/9/KTOaczvtweeytFEde6deJ+7kPlBBTKS2haE\nKlmXuPYzB+V6lwlIeKSSnN8CAwEAAQ==\n-----END PUBLIC KEY-----\n",
            "rsa_bits": 4096
          },
          "sensitive_attributes": [
            [
              {
                "type": "get_attr",
                "value": "private_key_pem_pkcs8"
              }
            ],
            [
              {
                "type": "get_attr",
                "value": "private_key_pem"
              }
            ],
            [
              {
                "type": "get_attr",
                "value": "private_key_openssh"
              }
            ]
          ]
        }
      ]
    }
  ],
  "check_results": null
}
